
Microsoft Visual Studio Solution File, Format Version 12.00
# Visual Studio Version 17
VisualStudioVersion = 17.5.33530.505
MinimumVisualStudioVersion = 10.0.40219.1
Project("{FAE04EC0-301F-11D3-BF4B-00C04F79EFBC}") = "Biblioteca", "Biblioteca\Biblioteca.csproj", "{D062B919-DA80-4F91-B999-4184984F5163}"
EndProject
Global
	GlobalSection(SolutionConfigurationPlatforms) = preSolution
		Debug|Any CPU = Debug|Any CPU
		Release|Any CPU = Release|Any CPU
	EndGlobalSection
	GlobalSection(ProjectConfigurationPlatforms) = postSolution
		{D062B919-DA80-4F91-B999-4184984F5163}.Debug|Any CPU.ActiveCfg = Debug|Any CPU
		{D062B919-DA80-4F91-B999-4184984F5163}.Debug|Any CPU.Build.0 = Debug|Any CPU
		{D062B919-DA80-4F91-B999-4184984F5163}.Release|Any CPU.ActiveCfg = Release|Any CPU
		{D062B919-DA80-4F91-B999-4184984F5163}.Release|Any CPU.Build.0 = Release|Any CPU
	EndGlobalSection
	GlobalSection(SolutionProperties) = preSolution
		HideSolutionNode = FALSE
	EndGlobalSection
	GlobalSection(ExtensibilityGlobals) = postSolution
		SolutionGuid = {977ED17F-C97E-442D-AA5F-F29BAF2666B8}
	EndGlobalSection
EndGlobal
